{
  "version": 4,
  "terraform_version": "1.3.8",
  "serial": 25,
  "lineage": "0e70931a-98b5-51a1-9e33-c97a529fbcb3",
  "outputs": {
    "web_app_url": {
      "value": "cloudplay.azurewebsites.net",
      "type": "string"
    }
  },
  "resources": [
    {
      "mode": "managed",
      "type": "azurerm_mssql_database",
      "name": "db_vm",
      "provider": "provider[\"registry.terraform.io/hashicorp/azurerm\"]",
      "instances": []
    },
    {
      "mode": "managed",
      "type": "azurerm_resource_group",
      "name": "gaming_1",
      "provider": "provider[\"registry.terraform.io/hashicorp/azurerm\"]",
      "instances": [
        {
          "schema_version": 0,
          "attributes": {
            "id": "/subscriptions/dada0207-f9c8-4fae-9cf7-ea1567b2de11/resourceGroups/rg-gaming-001",
            "location": "northeurope",
            "name": "rg-gaming-001",
            "tags": {},
            "timeouts": null
          },
          "sensitive_attributes": [],
          "private": "eyJlMmJmYjczMC1lY2FhLTExZTYtOGY4OC0zNDM2M2JjN2M0YzAiOnsiY3JlYXRlIjo1NDAwMDAwMDAwMDAwLCJkZWxldGUiOjU0MDAwMDAwMDAwMDAsInJlYWQiOjMwMDAwMDAwMDAwMCwidXBkYXRlIjo1NDAwMDAwMDAwMDAwfX0="
        }
      ]
    },
    {
      "mode": "managed",
      "type": "azurerm_service_plan",
      "name": "gaming_1",
      "provider": "provider[\"registry.terraform.io/hashicorp/azurerm\"]",
      "instances": [
        {
          "schema_version": 0,
          "attributes": {
            "app_service_environment_id": "",
            "id": "/subscriptions/dada0207-f9c8-4fae-9cf7-ea1567b2de11/resourceGroups/rg-gaming-001/providers/Microsoft.Web/serverfarms/asp-gaming-001",
            "kind": "app",
            "location": "northeurope",
            "maximum_elastic_worker_count": 1,
            "name": "asp-gaming-001",
            "os_type": "Windows",
            "per_site_scaling_enabled": false,
            "reserved": false,
            "resource_group_name": "rg-gaming-001",
            "sku_name": "B1",
            "tags": {},
            "timeouts": null,
            "worker_count": 1,
            "zone_balancing_enabled": false
          },
          "sensitive_attributes": [],
          "private": "eyJlMmJmYjczMC1lY2FhLTExZTYtOGY4OC0zNDM2M2JjN2M0YzAiOnsiY3JlYXRlIjozNjAwMDAwMDAwMDAwLCJkZWxldGUiOjM2MDAwMDAwMDAwMDAsInJlYWQiOjMwMDAwMDAwMDAwMCwidXBkYXRlIjozNjAwMDAwMDAwMDAwfX0=",
          "dependencies": [
            "azurerm_resource_group.gaming_1"
          ]
        }
      ]
    },
    {
      "mode": "managed",
      "type": "azurerm_storage_account",
      "name": "db_account_1",
      "provider": "provider[\"registry.terraform.io/hashicorp/azurerm\"]",
      "instances": [
        {
          "schema_version": 3,
          "attributes": {
            "access_tier": "Hot",
            "account_kind": "StorageV2",
            "account_replication_type": "LRS",
            "account_tier": "Standard",
            "allow_nested_items_to_be_public": true,
            "allowed_copy_scope": "",
            "azure_files_authentication": [],
            "blob_properties": [
              {
                "change_feed_enabled": false,
                "change_feed_retention_in_days": 0,
                "container_delete_retention_policy": [],
                "cors_rule": [],
                "default_service_version": "",
                "delete_retention_policy": [],
                "last_access_time_enabled": false,
                "restore_policy": [],
                "versioning_enabled": false
              }
            ],
            "cross_tenant_replication_enabled": true,
            "custom_domain": [],
            "customer_managed_key": [],
            "default_to_oauth_authentication": false,
            "edge_zone": "",
            "enable_https_traffic_only": true,
            "id": "/subscriptions/dada0207-f9c8-4fae-9cf7-ea1567b2de11/resourceGroups/rg-gaming-001/providers/Microsoft.Storage/storageAccounts/elfiladov2",
            "identity": [],
            "immutability_policy": [],
            "infrastructure_encryption_enabled": false,
            "is_hns_enabled": false,
            "large_file_share_enabled": null,
            "location": "northeurope",
            "min_tls_version": "TLS1_2",
            "name": "elfiladov2",
            "network_rules": [
              {
                "bypass": [
                  "AzureServices"
                ],
                "default_action": "Allow",
                "ip_rules": [],
                "private_link_access": [],
                "virtual_network_subnet_ids": []
              }
            ],
            "nfsv3_enabled": false,
            "primary_access_key": "+1gUMs9NRoBBG38cwFSd3H3Nr+EZV5vr+1rS6ysIO7sG0pu1pViUzTY4u2QtVxv8Lg9ySuHC1XSO+AStdw3qvA==",
            "primary_blob_connection_string": "DefaultEndpointsProtocol=https;BlobEndpoint=https://elfiladov2.blob.core.windows.net/;AccountName=elfiladov2;AccountKey=+1gUMs9NRoBBG38cwFSd3H3Nr+EZV5vr+1rS6ysIO7sG0pu1pViUzTY4u2QtVxv8Lg9ySuHC1XSO+AStdw3qvA==",
            "primary_blob_endpoint": "https://elfiladov2.blob.core.windows.net/",
            "primary_blob_host": "elfiladov2.blob.core.windows.net",
            "primary_connection_string": "DefaultEndpointsProtocol=https;AccountName=elfiladov2;AccountKey=+1gUMs9NRoBBG38cwFSd3H3Nr+EZV5vr+1rS6ysIO7sG0pu1pViUzTY4u2QtVxv8Lg9ySuHC1XSO+AStdw3qvA==;EndpointSuffix=core.windows.net",
            "primary_dfs_endpoint": "https://elfiladov2.dfs.core.windows.net/",
            "primary_dfs_host": "elfiladov2.dfs.core.windows.net",
            "primary_file_endpoint": "https://elfiladov2.file.core.windows.net/",
            "primary_file_host": "elfiladov2.file.core.windows.net",
            "primary_location": "northeurope",
            "primary_queue_endpoint": "https://elfiladov2.queue.core.windows.net/",
            "primary_queue_host": "elfiladov2.queue.core.windows.net",
            "primary_table_endpoint": "https://elfiladov2.table.core.windows.net/",
            "primary_table_host": "elfiladov2.table.core.windows.net",
            "primary_web_endpoint": "https://elfiladov2.z16.web.core.windows.net/",
            "primary_web_host": "elfiladov2.z16.web.core.windows.net",
            "public_network_access_enabled": true,
            "queue_encryption_key_type": "Service",
            "queue_properties": [
              {
                "cors_rule": [],
                "hour_metrics": [
                  {
                    "enabled": true,
                    "include_apis": true,
                    "retention_policy_days": 7,
                    "version": "1.0"
                  }
                ],
                "logging": [
                  {
                    "delete": false,
                    "read": false,
                    "retention_policy_days": 0,
                    "version": "1.0",
                    "write": false
                  }
                ],
                "minute_metrics": [
                  {
                    "enabled": false,
                    "include_apis": false,
                    "retention_policy_days": 0,
                    "version": "1.0"
                  }
                ]
              }
            ],
            "resource_group_name": "rg-gaming-001",
            "routing": [],
            "sas_policy": [],
            "secondary_access_key": "InShxx/soozw0OGtgxbaRek/kcIlTXXJYW4Fmo0OuAf8mxj5gFGEPLL7LimBo5V2ZKQVTvVjwitc+AStL+MduA==",
            "secondary_blob_connection_string": "",
            "secondary_blob_endpoint": null,
            "secondary_blob_host": null,
            "secondary_connection_string": "DefaultEndpointsProtocol=https;AccountName=elfiladov2;AccountKey=InShxx/soozw0OGtgxbaRek/kcIlTXXJYW4Fmo0OuAf8mxj5gFGEPLL7LimBo5V2ZKQVTvVjwitc+AStL+MduA==;EndpointSuffix=core.windows.net",
            "secondary_dfs_endpoint": null,
            "secondary_dfs_host": null,
            "secondary_file_endpoint": null,
            "secondary_file_host": null,
            "secondary_location": "",
            "secondary_queue_endpoint": null,
            "secondary_queue_host": null,
            "secondary_table_endpoint": null,
            "secondary_table_host": null,
            "secondary_web_endpoint": null,
            "secondary_web_host": null,
            "sftp_enabled": false,
            "share_properties": [
              {
                "cors_rule": [],
                "retention_policy": [
                  {
                    "days": 7
                  }
                ],
                "smb": []
              }
            ],
            "shared_access_key_enabled": true,
            "static_website": [],
            "table_encryption_key_type": "Service",
            "tags": null,
            "timeouts": null
          },
          "sensitive_attributes": [],
          "private": "eyJlMmJmYjczMC1lY2FhLTExZTYtOGY4OC0zNDM2M2JjN2M0YzAiOnsiY3JlYXRlIjozNjAwMDAwMDAwMDAwLCJkZWxldGUiOjM2MDAwMDAwMDAwMDAsInJlYWQiOjMwMDAwMDAwMDAwMCwidXBkYXRlIjozNjAwMDAwMDAwMDAwfSwic2NoZW1hX3ZlcnNpb24iOiIzIn0=",
          "dependencies": [
            "azurerm_resource_group.gaming_1",
            "azurerm_service_plan.gaming_1"
          ]
        }
      ]
    },
    {
      "mode": "managed",
      "type": "azurerm_windows_web_app",
      "name": "gaming_1",
      "provider": "provider[\"registry.terraform.io/hashicorp/azurerm\"]",
      "instances": [
        {
          "schema_version": 0,
          "attributes": {
            "app_settings": {},
            "auth_settings": [
              {
                "active_directory": [],
                "additional_login_parameters": {},
                "allowed_external_redirect_urls": [],
                "default_provider": "",
                "enabled": false,
                "facebook": [],
                "github": [],
                "google": [],
                "issuer": "",
                "microsoft": [],
                "runtime_version": "",
                "token_refresh_extension_hours": 0,
                "token_store_enabled": false,
                "twitter": [],
                "unauthenticated_client_action": ""
              }
            ],
            "backup": [],
            "client_affinity_enabled": false,
            "client_certificate_enabled": false,
            "client_certificate_exclusion_paths": "",
            "client_certificate_mode": "Required",
            "connection_string": [],
            "custom_domain_verification_id": "C37D5D4D0AD8CDC768C8238D3000E2628C0942669408013DF627E5FEEDE38F7A",
            "default_hostname": "cloudplay.azurewebsites.net",
            "enabled": true,
            "https_only": false,
            "id": "/subscriptions/dada0207-f9c8-4fae-9cf7-ea1567b2de11/resourceGroups/rg-gaming-001/providers/Microsoft.Web/sites/cloudplay",
            "identity": [],
            "key_vault_reference_identity_id": "SystemAssigned",
            "kind": "app",
            "location": "northeurope",
            "logs": [],
            "name": "cloudplay",
            "outbound_ip_address_list": [
              "20.67.168.247",
              "20.67.169.146",
              "20.67.169.223",
              "20.67.170.0",
              "20.67.170.202",
              "20.67.170.220",
              "20.107.224.17"
            ],
            "outbound_ip_addresses": "20.67.168.247,20.67.169.146,20.67.169.223,20.67.170.0,20.67.170.202,20.67.170.220,20.107.224.17",
            "possible_outbound_ip_address_list": [
              "20.67.168.247",
              "20.67.169.146",
              "20.67.169.223",
              "20.67.170.0",
              "20.67.170.202",
              "20.67.170.220",
              "20.67.171.99",
              "20.67.171.129",
              "20.67.172.9",
              "20.67.172.91",
              "20.67.172.243",
              "20.67.173.5",
              "20.67.173.29",
              "20.67.173.31",
              "20.67.173.176",
              "20.67.174.57",
              "20.67.174.66",
              "20.67.174.208",
              "20.67.174.221",
              "20.67.174.223",
              "20.67.174.227",
              "20.67.174.238",
              "20.67.173.18",
              "20.67.175.27",
              "20.67.175.30",
              "20.67.175.41",
              "20.67.175.50",
              "20.67.175.65",
              "20.67.175.89",
              "20.67.175.91",
              "20.107.224.17"
            ],
            "possible_outbound_ip_addresses": "20.67.168.247,20.67.169.146,20.67.169.223,20.67.170.0,20.67.170.202,20.67.170.220,20.67.171.99,20.67.171.129,20.67.172.9,20.67.172.91,20.67.172.243,20.67.173.5,20.67.173.29,20.67.173.31,20.67.173.176,20.67.174.57,20.67.174.66,20.67.174.208,20.67.174.221,20.67.174.223,20.67.174.227,20.67.174.238,20.67.173.18,20.67.175.27,20.67.175.30,20.67.175.41,20.67.175.50,20.67.175.65,20.67.175.89,20.67.175.91,20.107.224.17",
            "resource_group_name": "rg-gaming-001",
            "service_plan_id": "/subscriptions/dada0207-f9c8-4fae-9cf7-ea1567b2de11/resourceGroups/rg-gaming-001/providers/Microsoft.Web/serverfarms/asp-gaming-001",
            "site_config": [
              {
                "always_on": true,
                "api_definition_url": "",
                "api_management_api_id": "",
                "app_command_line": "",
                "application_stack": [
                  {
                    "current_stack": "dotnetcore",
                    "docker_container_name": "",
                    "docker_container_registry": "",
                    "docker_container_tag": "",
                    "dotnet_core_version": "v7.0",
                    "dotnet_version": "",
                    "java_container": "",
                    "java_container_version": "",
                    "java_embedded_server_enabled": false,
                    "java_version": "",
                    "node_version": "",
                    "php_version": "5.6",
                    "python": false,
                    "python_version": "",
                    "tomcat_version": ""
                  }
                ],
                "auto_heal_enabled": false,
                "auto_heal_setting": [],
                "container_registry_managed_identity_client_id": "",
                "container_registry_use_managed_identity": false,
                "cors": [],
                "default_documents": [
                  "Default.htm",
                  "Default.html",
                  "Default.asp",
                  "index.htm",
                  "index.html",
                  "iisstart.htm",
                  "default.aspx",
                  "index.php",
                  "hostingstart.html"
                ],
                "detailed_error_logging_enabled": false,
                "ftps_state": "Disabled",
                "health_check_eviction_time_in_min": 0,
                "health_check_path": "",
                "http2_enabled": false,
                "ip_restriction": [],
                "linux_fx_version": "",
                "load_balancing_mode": "LeastRequests",
                "local_mysql_enabled": false,
                "managed_pipeline_mode": "Integrated",
                "minimum_tls_version": "1.2",
                "remote_debugging_enabled": false,
                "remote_debugging_version": "VS2019",
                "scm_ip_restriction": [],
                "scm_minimum_tls_version": "1.2",
                "scm_type": "None",
                "scm_use_main_ip_restriction": false,
                "use_32_bit_worker": true,
                "virtual_application": [],
                "vnet_route_all_enabled": false,
                "websockets_enabled": false,
                "windows_fx_version": "",
                "worker_count": 1
              }
            ],
            "site_credential": [
              {
                "name": "$cloudplay",
                "password": "YE1DEHpCtdgxKeS5Miskz5WrBygAxKTL8lRfex2Y75Q8x2pX2wrczjt7XB22"
              }
            ],
            "sticky_settings": [],
            "storage_account": [],
            "tags": {},
            "timeouts": null,
            "virtual_network_subnet_id": "",
            "zip_deploy_file": ""
          },
          "sensitive_attributes": [],
          "private": "eyJlMmJmYjczMC1lY2FhLTExZTYtOGY4OC0zNDM2M2JjN2M0YzAiOnsiY3JlYXRlIjoxODAwMDAwMDAwMDAwLCJkZWxldGUiOjE4MDAwMDAwMDAwMDAsInJlYWQiOjMwMDAwMDAwMDAwMCwidXBkYXRlIjoxODAwMDAwMDAwMDAwfX0=",
          "dependencies": [
            "azurerm_resource_group.gaming_1",
            "azurerm_service_plan.gaming_1"
          ]
        }
      ]
    }
  ],
  "check_results": null
}
